<?xml version="1.0" encoding="utf-8"?>
<Project ToolsVersion="4.0" xmlns="http://schemas.microsoft.com/developer/msbuild/2003">
  <ItemGroup>
    <Filter Include="app">
      <UniqueIdentifier>{1a1b0a1e-0006-4000-9000-000000000006}</UniqueIdentifier>
    </Filter>
    <Filter Include="gateway">
      <UniqueIdentifier>{1a1b0a1e-0003-4000-9000-000000000003}</UniqueIdentifier>
    </Filter>
    <Filter Include="gateway\hla">
      <UniqueIdentifier>{158a0e9d-f5d7-4149-a834-e313f27562ee}</UniqueIdentifier>
    </Filter>
    <Filter Include="gateway\udp">
      <UniqueIdentifier>{1d5e5d58-7872-4bb6-9272-ce502cb7f639}</UniqueIdentifier>
    </Filter>
    <Filter Include="stub">
      <UniqueIdentifier>{9c1f7a52-3b6d-4e08-8a41-2f7d5c0b6e93}</UniqueIdentifier>
    </Filter>
    <Filter Include="platform">
      <UniqueIdentifier>{1a1b0a1e-0001-4000-9000-000000000001}</UniqueIdentifier>
    </Filter>
    <Filter Include="icd">
      <UniqueIdentifier>{1a1b0a1e-0005-4000-9000-000000000005}</UniqueIdentifier>
    </Filter>
    <Filter Include="icd\object">
      <UniqueIdentifier>{2971aae2-2e23-4431-a7f4-f5e47bab811f}</UniqueIdentifier>
    </Filter>
    <Filter Include="icd\interaction">
      <UniqueIdentifier>{ead93732-a2eb-4332-b486-2be1026fd0fd}</UniqueIdentifier>
    </Filter>
  </ItemGroup>
  <ItemGroup>
    <ClCompile Include="main.cpp" />
    <ClCompile Include="gateway\CGateway.cpp">
      <Filter>gateway</Filter>
    </ClCompile>
    <ClCompile Include="gateway\udp\CPoller.cpp">
      <Filter>gateway\udp</Filter>
    </ClCompile>
    <ClCompile Include="gateway\udp\CUdpSocket.cpp">
      <Filter>gateway\udp</Filter>
    </ClCompile>
    <ClCompile Include="platform\Platform.cpp">
      <Filter>platform</Filter>
    </ClCompile>
    <ClCompile Include="icd\icd_types.cpp">
      <Filter>icd</Filter>
    </ClCompile>
    <ClCompile Include="icd\object\MinefieldData.cpp">
      <Filter>icd\object</Filter>
    </ClCompile>
    <ClCompile Include="icd\object\RadarBeam.cpp">
      <Filter>icd\object</Filter>
    </ClCompile>
    <ClCompile Include="icd\object\RadioReceiver.cpp">
      <Filter>icd\object</Filter>
    </ClCompile>
    <ClCompile Include="icd\interaction\WeaponFire.cpp">
      <Filter>icd\interaction</Filter>
    </ClCompile>
  </ItemGroup>
  <ItemGroup>
    <ClInclude Include="app\CCommandHandler.h">
      <Filter>app</Filter>
    </ClInclude>
    <ClInclude Include="app\CWiring.h">
      <Filter>app</Filter>
    </ClInclude>
    <ClInclude Include="app\TCommand.h">
      <Filter>app</Filter>
    </ClInclude>
    <ClInclude Include="gateway\CChannel.h">
      <Filter>gateway</Filter>
    </ClInclude>
    <ClInclude Include="gateway\CGateway.h">
      <Filter>gateway</Filter>
    </ClInclude>
    <ClInclude Include="gateway\CTClassChannel.h">
      <Filter>gateway</Filter>
    </ClInclude>
    <ClInclude Include="gateway\CTMessageHandler.h">
      <Filter>gateway</Filter>
    </ClInclude>
    <ClInclude Include="gateway\CTRawChannel.h">
      <Filter>gateway</Filter>
    </ClInclude>
    <ClInclude Include="gateway\TClassBinding.h">
      <Filter>gateway</Filter>
    </ClInclude>
    <ClInclude Include="gateway\hla\CTFromHla.h">
      <Filter>gateway\hla</Filter>
    </ClInclude>
    <ClInclude Include="gateway\hla\CTRtiInteractionFromHla.h">
      <Filter>gateway\hla</Filter>
    </ClInclude>
    <ClInclude Include="gateway\hla\CTRtiInteractionToHla.h">
      <Filter>gateway\hla</Filter>
    </ClInclude>
    <ClInclude Include="gateway\hla\CTRtiObjectFromHla.h">
      <Filter>gateway\hla</Filter>
    </ClInclude>
    <ClInclude Include="gateway\hla\CTRtiObjectToHla.h">
      <Filter>gateway\hla</Filter>
    </ClInclude>
    <ClInclude Include="gateway\hla\CTToHla.h">
      <Filter>gateway\hla</Filter>
    </ClInclude>
    <ClInclude Include="gateway\udp\CPoller.h">
      <Filter>gateway\udp</Filter>
    </ClInclude>
    <ClInclude Include="gateway\udp\CTUdpReceiver.h">
      <Filter>gateway\udp</Filter>
    </ClInclude>
    <ClInclude Include="gateway\udp\CTUdpSender.h">
      <Filter>gateway\udp</Filter>
    </ClInclude>
    <ClInclude Include="gateway\udp\CUdpSocket.h">
      <Filter>gateway\udp</Filter>
    </ClInclude>
    <ClInclude Include="stub\CTConstantFromHla.h">
      <Filter>stub</Filter>
    </ClInclude>
    <ClInclude Include="stub\CTFixtureFromHla.h">
      <Filter>stub</Filter>
    </ClInclude>
    <ClInclude Include="stub\ObjectId.h">
      <Filter>stub</Filter>
    </ClInclude>
    <ClInclude Include="stub\RadarBeamFixture.h">
      <Filter>stub</Filter>
    </ClInclude>
    <ClInclude Include="stub\WeaponFireFixture.h">
      <Filter>stub</Filter>
    </ClInclude>
    <ClInclude Include="platform\Platform.h">
      <Filter>platform</Filter>
    </ClInclude>
    <ClInclude Include="icd\icd_classes.h">
      <Filter>icd</Filter>
    </ClInclude>
    <ClInclude Include="icd\icd_codec.h">
      <Filter>icd</Filter>
    </ClInclude>
    <ClInclude Include="icd\icd_types.h">
      <Filter>icd</Filter>
    </ClInclude>
    <ClInclude Include="icd\object\MinefieldData.h">
      <Filter>icd\object</Filter>
    </ClInclude>
    <ClInclude Include="icd\object\RadarBeam.h">
      <Filter>icd\object</Filter>
    </ClInclude>
    <ClInclude Include="icd\object\RadioReceiver.h">
      <Filter>icd\object</Filter>
    </ClInclude>
    <ClInclude Include="icd\interaction\WeaponFire.h">
      <Filter>icd\interaction</Filter>
    </ClInclude>
  </ItemGroup>
</Project>