<?xml version="1.0" encoding="utf-8"?>
<Project ToolsVersion="4.0" xmlns="http://schemas.microsoft.com/developer/msbuild/2003">
  <ItemGroup>
    <Filter Include="app">
      <UniqueIdentifier>{1a1b0a1e-0006-4000-9000-000000000006}</UniqueIdentifier>
    </Filter>
    <Filter Include="platform">
      <UniqueIdentifier>{1a1b0a1e-0001-4000-9000-000000000001}</UniqueIdentifier>
    </Filter>
    <Filter Include="net">
      <UniqueIdentifier>{1a1b0a1e-0002-4000-9000-000000000002}</UniqueIdentifier>
    </Filter>
    <Filter Include="gateway">
      <UniqueIdentifier>{1a1b0a1e-0003-4000-9000-000000000003}</UniqueIdentifier>
    </Filter>
    <Filter Include="hla">
      <UniqueIdentifier>{1a1b0a1e-0004-4000-9000-000000000004}</UniqueIdentifier>
    </Filter>
    <Filter Include="stub">
      <UniqueIdentifier>{9c1f7a52-3b6d-4e08-8a41-2f7d5c0b6e93}</UniqueIdentifier>
    </Filter>
    <Filter Include="icd">
      <UniqueIdentifier>{1a1b0a1e-0005-4000-9000-000000000005}</UniqueIdentifier>
    </Filter>
  </ItemGroup>
  <ItemGroup>
    <ClCompile Include="main.cpp" />
    <ClCompile Include="platform\Platform.cpp">
      <Filter>platform</Filter>
    </ClCompile>
    <ClCompile Include="net\UdpSocket.cpp">
      <Filter>net</Filter>
    </ClCompile>
    <ClCompile Include="net\Poller.cpp">
      <Filter>net</Filter>
    </ClCompile>
    <ClCompile Include="gateway\Gateway.cpp">
      <Filter>gateway</Filter>
    </ClCompile>
    <ClCompile Include="icd\icd_types.cpp">
      <Filter>icd</Filter>
    </ClCompile>
    <ClCompile Include="icd\RadarBeam.cpp">
      <Filter>icd</Filter>
    </ClCompile>
    <ClCompile Include="icd\RadioReceiver.cpp">
      <Filter>icd</Filter>
    </ClCompile>
    <ClCompile Include="icd\MinefieldData.cpp">
      <Filter>icd</Filter>
    </ClCompile>
    <ClCompile Include="icd\WeaponFire.cpp">
      <Filter>icd</Filter>
    </ClCompile>
  </ItemGroup>
  <ItemGroup>
    <ClInclude Include="app\Wiring.h">
      <Filter>app</Filter>
    </ClInclude>
    <ClInclude Include="platform\Platform.h">
      <Filter>platform</Filter>
    </ClInclude>
    <ClInclude Include="net\UdpSocket.h">
      <Filter>net</Filter>
    </ClInclude>
    <ClInclude Include="net\Poller.h">
      <Filter>net</Filter>
    </ClInclude>
    <ClInclude Include="gateway\Channel.h">
      <Filter>gateway</Filter>
    </ClInclude>
    <ClInclude Include="gateway\ClassBinding.h">
      <Filter>gateway</Filter>
    </ClInclude>
    <ClInclude Include="gateway\ClassChannel.h">
      <Filter>gateway</Filter>
    </ClInclude>
    <ClInclude Include="gateway\ClassKind.h">
      <Filter>gateway</Filter>
    </ClInclude>
    <ClInclude Include="gateway\Gateway.h">
      <Filter>gateway</Filter>
    </ClInclude>
    <ClInclude Include="gateway\LoopStats.h">
      <Filter>gateway</Filter>
    </ClInclude>
    <ClInclude Include="gateway\Publisher.h">
      <Filter>gateway</Filter>
    </ClInclude>
    <ClInclude Include="gateway\Subscriber.h">
      <Filter>gateway</Filter>
    </ClInclude>
    <ClInclude Include="gateway\SubscriberStats.h">
      <Filter>gateway</Filter>
    </ClInclude>
    <ClInclude Include="stub\ConstantFromHla.h">
      <Filter>stub</Filter>
    </ClInclude>
    <ClInclude Include="stub\CountingToHla.h">
      <Filter>stub</Filter>
    </ClInclude>
    <ClInclude Include="hla\Federate.h">
      <Filter>hla</Filter>
    </ClInclude>
    <ClInclude Include="stub\FixtureFromHla.h">
      <Filter>stub</Filter>
    </ClInclude>
    <ClInclude Include="hla\FromHla.h">
      <Filter>hla</Filter>
    </ClInclude>
    <ClInclude Include="stub\ObjectId.h">
      <Filter>stub</Filter>
    </ClInclude>
    <ClInclude Include="stub\RadarBeamFixture.h">
      <Filter>stub</Filter>
    </ClInclude>
    <ClInclude Include="hla\RtiInteractionFromHla.h">
      <Filter>hla</Filter>
    </ClInclude>
    <ClInclude Include="hla\RtiInteractionToHla.h">
      <Filter>hla</Filter>
    </ClInclude>
    <ClInclude Include="hla\RtiObjectFromHla.h">
      <Filter>hla</Filter>
    </ClInclude>
    <ClInclude Include="hla\RtiObjectToHla.h">
      <Filter>hla</Filter>
    </ClInclude>
    <ClInclude Include="hla\ToHla.h">
      <Filter>hla</Filter>
    </ClInclude>
    <ClInclude Include="stub\VerifyingToHla.h">
      <Filter>stub</Filter>
    </ClInclude>
    <ClInclude Include="stub\WeaponFireFixture.h">
      <Filter>stub</Filter>
    </ClInclude>
    <ClInclude Include="icd\icd_classes.h">
      <Filter>icd</Filter>
    </ClInclude>
    <ClInclude Include="icd\icd_codec.h">
      <Filter>icd</Filter>
    </ClInclude>
    <ClInclude Include="icd\icd_types.h">
      <Filter>icd</Filter>
    </ClInclude>
    <ClInclude Include="icd\RadarBeam.h">
      <Filter>icd</Filter>
    </ClInclude>
    <ClInclude Include="icd\RadioReceiver.h">
      <Filter>icd</Filter>
    </ClInclude>
    <ClInclude Include="icd\MinefieldData.h">
      <Filter>icd</Filter>
    </ClInclude>
    <ClInclude Include="icd\WeaponFire.h">
      <Filter>icd</Filter>
    </ClInclude>
  </ItemGroup>
</Project>