<?xml version="1.0" encoding="utf-8"?>
<Project ToolsVersion="4.0" xmlns="http://schemas.microsoft.com/developer/msbuild/2003">
  <ItemGroup>
    <Filter Include="app">
      <UniqueIdentifier>{1a1b0a1e-0006-4000-9000-000000000006}</UniqueIdentifier>
    </Filter>
    <Filter Include="gateway">
      <UniqueIdentifier>{1a1b0a1e-0003-4000-9000-000000000003}</UniqueIdentifier>
    </Filter>
    <Filter Include="hla">
      <UniqueIdentifier>{1a1b0a1e-0004-4000-9000-000000000004}</UniqueIdentifier>
    </Filter>
    <Filter Include="stub">
      <UniqueIdentifier>{9c1f7a52-3b6d-4e08-8a41-2f7d5c0b6e93}</UniqueIdentifier>
    </Filter>
    <Filter Include="raw">
      <UniqueIdentifier>{4d2b8e71-6a3c-4f59-b0e2-8c1d7f3a5e64}</UniqueIdentifier>
    </Filter>
    <Filter Include="net">
      <UniqueIdentifier>{1a1b0a1e-0002-4000-9000-000000000002}</UniqueIdentifier>
    </Filter>
    <Filter Include="platform">
      <UniqueIdentifier>{1a1b0a1e-0001-4000-9000-000000000001}</UniqueIdentifier>
    </Filter>
    <Filter Include="icd">
      <UniqueIdentifier>{1a1b0a1e-0005-4000-9000-000000000005}</UniqueIdentifier>
    </Filter>
    <Filter Include="icd\object">
      <UniqueIdentifier>{2971aae2-2e23-4431-a7f4-f5e47bab811f}</UniqueIdentifier>
    </Filter>
    <Filter Include="icd\interaction">
      <UniqueIdentifier>{ead93732-a2eb-4332-b486-2be1026fd0fd}</UniqueIdentifier>
    </Filter>
  </ItemGroup>
  <ItemGroup>
    <ClCompile Include="main.cpp" />
    <ClCompile Include="gateway\CGateway.cpp">
      <Filter>gateway</Filter>
    </ClCompile>
    <ClCompile Include="net\CPoller.cpp">
      <Filter>net</Filter>
    </ClCompile>
    <ClCompile Include="net\CUdpSocket.cpp">
      <Filter>net</Filter>
    </ClCompile>
    <ClCompile Include="platform\Platform.cpp">
      <Filter>platform</Filter>
    </ClCompile>
    <ClCompile Include="icd\icd_types.cpp">
      <Filter>icd</Filter>
    </ClCompile>
    <ClCompile Include="icd\object\MinefieldData.cpp">
      <Filter>icd\object</Filter>
    </ClCompile>
    <ClCompile Include="icd\object\RadarBeam.cpp">
      <Filter>icd\object</Filter>
    </ClCompile>
    <ClCompile Include="icd\object\RadioReceiver.cpp">
      <Filter>icd\object</Filter>
    </ClCompile>
    <ClCompile Include="icd\interaction\WeaponFire.cpp">
      <Filter>icd\interaction</Filter>
    </ClCompile>
  </ItemGroup>
  <ItemGroup>
    <ClInclude Include="app\CCommandToApp.h">
      <Filter>app</Filter>
    </ClInclude>
    <ClInclude Include="app\CWiring.h">
      <Filter>app</Filter>
    </ClInclude>
    <ClInclude Include="app\TCToApp.h">
      <Filter>app</Filter>
    </ClInclude>
    <ClInclude Include="gateway\CChannel.h">
      <Filter>gateway</Filter>
    </ClInclude>
    <ClInclude Include="gateway\CGateway.h">
      <Filter>gateway</Filter>
    </ClInclude>
    <ClInclude Include="gateway\TCClassChannel.h">
      <Filter>gateway</Filter>
    </ClInclude>
    <ClInclude Include="gateway\TClassBinding.h">
      <Filter>gateway</Filter>
    </ClInclude>
    <ClInclude Include="gateway\TClassKind.h">
      <Filter>gateway</Filter>
    </ClInclude>
    <ClInclude Include="gateway\TCPublisher.h">
      <Filter>gateway</Filter>
    </ClInclude>
    <ClInclude Include="gateway\TCRawChannel.h">
      <Filter>gateway</Filter>
    </ClInclude>
    <ClInclude Include="gateway\TCSubscriber.h">
      <Filter>gateway</Filter>
    </ClInclude>
    <ClInclude Include="gateway\TLoopStats.h">
      <Filter>gateway</Filter>
    </ClInclude>
    <ClInclude Include="gateway\TSubscriberStats.h">
      <Filter>gateway</Filter>
    </ClInclude>
    <ClInclude Include="hla\Federate.h">
      <Filter>hla</Filter>
    </ClInclude>
    <ClInclude Include="hla\TCFromHla.h">
      <Filter>hla</Filter>
    </ClInclude>
    <ClInclude Include="hla\TCRtiInteractionFromHla.h">
      <Filter>hla</Filter>
    </ClInclude>
    <ClInclude Include="hla\TCRtiInteractionToHla.h">
      <Filter>hla</Filter>
    </ClInclude>
    <ClInclude Include="hla\TCRtiObjectFromHla.h">
      <Filter>hla</Filter>
    </ClInclude>
    <ClInclude Include="hla\TCRtiObjectToHla.h">
      <Filter>hla</Filter>
    </ClInclude>
    <ClInclude Include="hla\TCToHla.h">
      <Filter>hla</Filter>
    </ClInclude>
    <ClInclude Include="stub\ObjectId.h">
      <Filter>stub</Filter>
    </ClInclude>
    <ClInclude Include="stub\RadarBeamFixture.h">
      <Filter>stub</Filter>
    </ClInclude>
    <ClInclude Include="stub\TCConstantFromHla.h">
      <Filter>stub</Filter>
    </ClInclude>
    <ClInclude Include="stub\TCCountingToHla.h">
      <Filter>stub</Filter>
    </ClInclude>
    <ClInclude Include="stub\TCFixtureFromHla.h">
      <Filter>stub</Filter>
    </ClInclude>
    <ClInclude Include="stub\TCVerifyingToHla.h">
      <Filter>stub</Filter>
    </ClInclude>
    <ClInclude Include="stub\WeaponFireFixture.h">
      <Filter>stub</Filter>
    </ClInclude>
    <ClInclude Include="raw\TCommand.h">
      <Filter>raw</Filter>
    </ClInclude>
    <ClInclude Include="net\CPoller.h">
      <Filter>net</Filter>
    </ClInclude>
    <ClInclude Include="net\CUdpSocket.h">
      <Filter>net</Filter>
    </ClInclude>
    <ClInclude Include="platform\Platform.h">
      <Filter>platform</Filter>
    </ClInclude>
    <ClInclude Include="icd\icd_classes.h">
      <Filter>icd</Filter>
    </ClInclude>
    <ClInclude Include="icd\icd_codec.h">
      <Filter>icd</Filter>
    </ClInclude>
    <ClInclude Include="icd\icd_types.h">
      <Filter>icd</Filter>
    </ClInclude>
    <ClInclude Include="icd\object\MinefieldData.h">
      <Filter>icd\object</Filter>
    </ClInclude>
    <ClInclude Include="icd\object\RadarBeam.h">
      <Filter>icd\object</Filter>
    </ClInclude>
    <ClInclude Include="icd\object\RadioReceiver.h">
      <Filter>icd\object</Filter>
    </ClInclude>
    <ClInclude Include="icd\interaction\WeaponFire.h">
      <Filter>icd\interaction</Filter>
    </ClInclude>
  </ItemGroup>
</Project>